
Microsoft Visual Studio Solution File, Format Version 12.00
# Visual Studio Version 16
VisualStudioVersion = 16.0.30114.105
MinimumVisualStudioVersion = 10.0.40219.1
Project("{FAE04EC0-301F-11D3-BF4B-00C04F79EFBC}") = "Placekey.Tests.Core.Unit", "Placekey.Tests.Core.Unit\Placekey.Tests.Core.Unit.csproj", "{D2F4E52A-A5C5-42D3-A076-E22D9F03F21E}"
EndProject
Project("{FAE04EC0-301F-11D3-BF4B-00C04F79EFBC}") = "Placekey.Core", "Placekey.Core\Placekey.Core.csproj", "{B2C27EDB-45BA-4A6B-9E3A-46542A866222}"
EndProject
Project("{FAE04EC0-301F-11D3-BF4B-00C04F79EFBC}") = "Placekey.Api", "Placekey.Api\Placekey.Api.csproj", "{67F94DA6-0704-40B3-8CA2-D46D8F5BF4AE}"
EndProject
Project("{FAE04EC0-301F-11D3-BF4B-00C04F79EFBC}") = "Placekey.Tests.Api.Integration", "Placekey.Tests.Api.Integration\Placekey.Tests.Api.Integration.csproj", "{D81CD959-144E-40DD-A1AA-F0646CA19211}"
EndProject
Project("{FAE04EC0-301F-11D3-BF4B-00C04F79EFBC}") = "Placekey.Tests.Api.Unit", "Placekey.Tests.Api.Unit\Placekey.Tests.Api.Unit.csproj", "{C1E6A79F-87DA-4FB7-B766-4870F2BD7B29}"
EndProject
Global
	GlobalSection(SolutionConfigurationPlatforms) = preSolution
		Debug|Any CPU = Debug|Any CPU
		Release|Any CPU = Release|Any CPU
	EndGlobalSection
	GlobalSection(SolutionProperties) = preSolution
		HideSolutionNode = FALSE
	EndGlobalSection
	GlobalSection(ProjectConfigurationPlatforms) = postSolution
		{D2F4E52A-A5C5-42D3-A076-E22D9F03F21E}.Debug|Any CPU.ActiveCfg = Debug|Any CPU
		{D2F4E52A-A5C5-42D3-A076-E22D9F03F21E}.Debug|Any CPU.Build.0 = Debug|Any CPU
		{D2F4E52A-A5C5-42D3-A076-E22D9F03F21E}.Release|Any CPU.ActiveCfg = Release|Any CPU
		{D2F4E52A-A5C5-42D3-A076-E22D9F03F21E}.Release|Any CPU.Build.0 = Release|Any CPU
		{B2C27EDB-45BA-4A6B-9E3A-46542A866222}.Debug|Any CPU.ActiveCfg = Debug|Any CPU
		{B2C27EDB-45BA-4A6B-9E3A-46542A866222}.Debug|Any CPU.Build.0 = Debug|Any CPU
		{B2C27EDB-45BA-4A6B-9E3A-46542A866222}.Release|Any CPU.ActiveCfg = Release|Any CPU
		{B2C27EDB-45BA-4A6B-9E3A-46542A866222}.Release|Any CPU.Build.0 = Release|Any CPU
		{67F94DA6-0704-40B3-8CA2-D46D8F5BF4AE}.Debug|Any CPU.ActiveCfg = Debug|Any CPU
		{67F94DA6-0704-40B3-8CA2-D46D8F5BF4AE}.Debug|Any CPU.Build.0 = Debug|Any CPU
		{67F94DA6-0704-40B3-8CA2-D46D8F5BF4AE}.Release|Any CPU.ActiveCfg = Release|Any CPU
		{67F94DA6-0704-40B3-8CA2-D46D8F5BF4AE}.Release|Any CPU.Build.0 = Release|Any CPU
		{D81CD959-144E-40DD-A1AA-F0646CA19211}.Debug|Any CPU.ActiveCfg = Debug|Any CPU
		{D81CD959-144E-40DD-A1AA-F0646CA19211}.Debug|Any CPU.Build.0 = Debug|Any CPU
		{D81CD959-144E-40DD-A1AA-F0646CA19211}.Release|Any CPU.ActiveCfg = Release|Any CPU
		{D81CD959-144E-40DD-A1AA-F0646CA19211}.Release|Any CPU.Build.0 = Release|Any CPU
		{C1E6A79F-87DA-4FB7-B766-4870F2BD7B29}.Debug|Any CPU.ActiveCfg = Debug|Any CPU
		{C1E6A79F-87DA-4FB7-B766-4870F2BD7B29}.Debug|Any CPU.Build.0 = Debug|Any CPU
		{C1E6A79F-87DA-4FB7-B766-4870F2BD7B29}.Release|Any CPU.ActiveCfg = Release|Any CPU
		{C1E6A79F-87DA-4FB7-B766-4870F2BD7B29}.Release|Any CPU.Build.0 = Release|Any CPU
	EndGlobalSection
EndGlobal
